
Microsoft Visual Studio Solution File, Format Version 12.00
# Visual Studio Version 17
VisualStudioVersion = 17.2.32616.157
MinimumVisualStudioVersion = 10.0.40219.1
Project("{FAE04EC0-301F-11D3-BF4B-00C04F79EFBC}") = "WebApiEmployee", "WebApiEmployee\WebApiEmployee.csproj", "{A802F769-89D6-4D32-B06D-52C9647312CC}"
EndProject
Global
	GlobalSection(SolutionConfigurationPlatforms) = preSolution
		Debug|Any CPU = Debug|Any CPU
		Release|Any CPU = Release|Any CPU
	EndGlobalSection
	GlobalSection(ProjectConfigurationPlatforms) = postSolution
		{A802F769-89D6-4D32-B06D-52C9647312CC}.Debug|Any CPU.ActiveCfg = Debug|Any CPU
		{A802F769-89D6-4D32-B06D-52C9647312CC}.Debug|Any CPU.Build.0 = Debug|Any CPU
		{A802F769-89D6-4D32-B06D-52C9647312CC}.Release|Any CPU.ActiveCfg = Release|Any CPU
		{A802F769-89D6-4D32-B06D-52C9647312CC}.Release|Any CPU.Build.0 = Release|Any CPU
	EndGlobalSection
	GlobalSection(SolutionProperties) = preSolution
		HideSolutionNode = FALSE
	EndGlobalSection
	GlobalSection(ExtensibilityGlobals) = postSolution
		SolutionGuid = {8E7C3CEC-6F97-49F1-A494-F4D1E07FDD32}
	EndGlobalSection
EndGlobal
